
Microsoft Visual Studio Solution File, Format Version 12.00
# Visual Studio Version 16
VisualStudioVersion = 16.0.30330.147
MinimumVisualStudioVersion = 10.0.40219.1
Project("{FAE04EC0-301F-11D3-BF4B-00C04F79EFBC}") = "ClipsToScenesChallange", "ClipsToScenesChallange\ClipsToScenesChallange.csproj", "{BF2E6300-8340-4901-8FE1-9289A891C230}"
EndProject
Global
	GlobalSection(SolutionConfigurationPlatforms) = preSolution
		Debug|Any CPU = Debug|Any CPU
		Release|Any CPU = Release|Any CPU
	EndGlobalSection
	GlobalSection(ProjectConfigurationPlatforms) = postSolution
		{BF2E6300-8340-4901-8FE1-9289A891C230}.Debug|Any CPU.ActiveCfg = Debug|Any CPU
		{BF2E6300-8340-4901-8FE1-9289A891C230}.Debug|Any CPU.Build.0 = Debug|Any CPU
		{BF2E6300-8340-4901-8FE1-9289A891C230}.Release|Any CPU.ActiveCfg = Release|Any CPU
		{BF2E6300-8340-4901-8FE1-9289A891C230}.Release|Any CPU.Build.0 = Release|Any CPU
	EndGlobalSection
	GlobalSection(SolutionProperties) = preSolution
		HideSolutionNode = FALSE
	EndGlobalSection
	GlobalSection(ExtensibilityGlobals) = postSolution
		SolutionGuid = {D6D2A717-C1FC-40C0-A632-73B54CA3D358}
	EndGlobalSection
EndGlobal
